
Microsoft Visual Studio Solution File, Format Version 12.00
# Visual Studio Version 17
VisualStudioVersion = 17.0.31808.319
MinimumVisualStudioVersion = 10.0.40219.1
Project("{FAE04EC0-301F-11D3-BF4B-00C04F79EFBC}") = "G_One", "G_One\G_One.csproj", "{B5FE22C0-1684-4E26-82B6-B3CA1D5A5F1A}"
EndProject
Global
	GlobalSection(SolutionConfigurationPlatforms) = preSolution
		Debug|Any CPU = Debug|Any CPU
		Release|Any CPU = Release|Any CPU
	EndGlobalSection
	GlobalSection(ProjectConfigurationPlatforms) = postSolution
		{B5FE22C0-1684-4E26-82B6-B3CA1D5A5F1A}.Debug|Any CPU.ActiveCfg = Debug|Any CPU
		{B5FE22C0-1684-4E26-82B6-B3CA1D5A5F1A}.Debug|Any CPU.Build.0 = Debug|Any CPU
		{B5FE22C0-1684-4E26-82B6-B3CA1D5A5F1A}.Release|Any CPU.ActiveCfg = Release|Any CPU
		{B5FE22C0-1684-4E26-82B6-B3CA1D5A5F1A}.Release|Any CPU.Build.0 = Release|Any CPU
	EndGlobalSection
	GlobalSection(SolutionProperties) = preSolution
		HideSolutionNode = FALSE
	EndGlobalSection
	GlobalSection(ExtensibilityGlobals) = postSolution
		SolutionGuid = {24885BA3-BDC8-4EDE-8463-4130334B81E5}
	EndGlobalSection
EndGlobal
