
Microsoft Visual Studio Solution File, Format Version 12.00
# Visual Studio Version 16
VisualStudioVersion = 16.0.31702.278
MinimumVisualStudioVersion = 10.0.40219.1
Project("{FAE04EC0-301F-11D3-BF4B-00C04F79EFBC}") = "G_One_HID_Xamarin.UWP", "G_One_HID_Xamarin\G_One_HID_Xamarin.UWP\G_One_HID_Xamarin.UWP.csproj", "{A99B2BD6-2AB9-4835-8646-5892056407F9}"
EndProject
Project("{FAE04EC0-301F-11D3-BF4B-00C04F79EFBC}") = "G_One_HID_Xamarin.Android", "G_One_HID_Xamarin\G_One_HID_Xamarin.Android\G_One_HID_Xamarin.Android.csproj", "{8EDD733E-F525-4E57-963D-A492BD63B241}"
EndProject
Project("{FAE04EC0-301F-11D3-BF4B-00C04F79EFBC}") = "G_One_HID_Xamarin.iOS", "G_One_HID_Xamarin\G_One_HID_Xamarin.iOS\G_One_HID_Xamarin.iOS.csproj", "{4F4FE9F7-ECB0-4D70-A72C-F32AF61E71DA}"
EndProject
Project("{FAE04EC0-301F-11D3-BF4B-00C04F79EFBC}") = "G_One_HID_Xamarin", "G_One_HID_Xamarin\G_One_HID_Xamarin\G_One_HID_Xamarin.csproj", "{84EBE595-E728-4ECC-BE19-0A0592A951F8}"
EndProject
Global
	GlobalSection(SolutionConfigurationPlatforms) = preSolution
		Debug|Any CPU = Debug|Any CPU
		Debug|ARM = Debug|ARM
		Debug|iPhone = Debug|iPhone
		Debug|iPhoneSimulator = Debug|iPhoneSimulator
		Debug|x64 = Debug|x64
		Debug|x86 = Debug|x86
		Release|Any CPU = Release|Any CPU
		Release|ARM = Release|ARM
		Release|iPhone = Release|iPhone
		Release|iPhoneSimulator = Release|iPhoneSimulator
		Release|x64 = Release|x64
		Release|x86 = Release|x86
	EndGlobalSection
	GlobalSection(ProjectConfigurationPlatforms) = postSolution
		{A99B2BD6-2AB9-4835-8646-5892056407F9}.Debug|Any CPU.ActiveCfg = Debug|x86
		{A99B2BD6-2AB9-4835-8646-5892056407F9}.Debug|Any CPU.Build.0 = Debug|x86
		{A99B2BD6-2AB9-4835-8646-5892056407F9}.Debug|Any CPU.Deploy.0 = Debug|x86
		{A99B2BD6-2AB9-4835-8646-5892056407F9}.Debug|ARM.ActiveCfg = Debug|ARM
		{A99B2BD6-2AB9-4835-8646-5892056407F9}.Debug|ARM.Build.0 = Debug|ARM
		{A99B2BD6-2AB9-4835-8646-5892056407F9}.Debug|ARM.Deploy.0 = Debug|ARM
		{A99B2BD6-2AB9-4835-8646-5892056407F9}.Debug|iPhone.ActiveCfg = Debug|x86
		{A99B2BD6-2AB9-4835-8646-5892056407F9}.Debug|iPhone.Build.0 = Debug|x86
		{A99B2BD6-2AB9-4835-8646-5892056407F9}.Debug|iPhone.Deploy.0 = Debug|x86
		{A99B2BD6-2AB9-4835-8646-5892056407F9}.Debug|iPhoneSimulator.ActiveCfg = Debug|x86
		{A99B2BD6-2AB9-4835-8646-5892056407F9}.Debug|iPhoneSimulator.Build.0 = Debug|x86
		{A99B2BD6-2AB9-4835-8646-5892056407F9}.Debug|iPhoneSimulator.Deploy.0 = Debug|x86
		{A99B2BD6-2AB9-4835-8646-5892056407F9}.Debug|x64.ActiveCfg = Debug|x64
		{A99B2BD6-2AB9-4835-8646-5892056407F9}.Debug|x64.Build.0 = Debug|x64
		{A99B2BD6-2AB9-4835-8646-5892056407F9}.Debug|x64.Deploy.0 = Debug|x64
		{A99B2BD6-2AB9-4835-8646-5892056407F9}.Debug|x86.ActiveCfg = Debug|x86
		{A99B2BD6-2AB9-4835-8646-5892056407F9}.Debug|x86.Build.0 = Debug|x86
		{A99B2BD6-2AB9-4835-8646-5892056407F9}.Debug|x86.Deploy.0 = Debug|x86
		{A99B2BD6-2AB9-4835-8646-5892056407F9}.Release|Any CPU.ActiveCfg = Release|x86
		{A99B2BD6-2AB9-4835-8646-5892056407F9}.Release|Any CPU.Build.0 = Release|x86
		{A99B2BD6-2AB9-4835-8646-5892056407F9}.Release|Any CPU.Deploy.0 = Release|x86
		{A99B2BD6-2AB9-4835-8646-5892056407F9}.Release|ARM.ActiveCfg = Release|ARM
		{A99B2BD6-2AB9-4835-8646-5892056407F9}.Release|ARM.Build.0 = Release|ARM
		{A99B2BD6-2AB9-4835-8646-5892056407F9}.Release|ARM.Deploy.0 = Release|ARM
		{A99B2BD6-2AB9-4835-8646-5892056407F9}.Release|iPhone.ActiveCfg = Release|x86
		{A99B2BD6-2AB9-4835-8646-5892056407F9}.Release|iPhone.Build.0 = Release|x86
		{A99B2BD6-2AB9-4835-8646-5892056407F9}.Release|iPhone.Deploy.0 = Release|x86
		{A99B2BD6-2AB9-4835-8646-5892056407F9}.Release|iPhoneSimulator.ActiveCfg = Release|x86
		{A99B2BD6-2AB9-4835-8646-5892056407F9}.Release|iPhoneSimulator.Build.0 = Release|x86
		{A99B2BD6-2AB9-4835-8646-5892056407F9}.Release|iPhoneSimulator.Deploy.0 = Release|x86
		{A99B2BD6-2AB9-4835-8646-5892056407F9}.Release|x64.ActiveCfg = Release|x64
		{A99B2BD6-2AB9-4835-8646-5892056407F9}.Release|x64.Build.0 = Release|x64
		{A99B2BD6-2AB9-4835-8646-5892056407F9}.Release|x64.Deploy.0 = Release|x64
		{A99B2BD6-2AB9-4835-8646-5892056407F9}.Release|x86.ActiveCfg = Release|x86
		{A99B2BD6-2AB9-4835-8646-5892056407F9}.Release|x86.Build.0 = Release|x86
		{A99B2BD6-2AB9-4835-8646-5892056407F9}.Release|x86.Deploy.0 = Release|x86
		{8EDD733E-F525-4E57-963D-A492BD63B241}.Debug|Any CPU.ActiveCfg = Debug|Any CPU
		{8EDD733E-F525-4E57-963D-A492BD63B241}.Debug|Any CPU.Build.0 = Debug|Any CPU
		{8EDD733E-F525-4E57-963D-A492BD63B241}.Debug|Any CPU.Deploy.0 = Debug|Any CPU
		{8EDD733E-F525-4E57-963D-A492BD63B241}.Debug|ARM.ActiveCfg = Debug|Any CPU
		{8EDD733E-F525-4E57-963D-A492BD63B241}.Debug|ARM.Build.0 = Debug|Any CPU
		{8EDD733E-F525-4E57-963D-A492BD63B241}.Debug|ARM.Deploy.0 = Debug|Any CPU
		{8EDD733E-F525-4E57-963D-A492BD63B241}.Debug|iPhone.ActiveCfg = Debug|Any CPU
		{8EDD733E-F525-4E57-963D-A492BD63B241}.Debug|iPhone.Build.0 = Debug|Any CPU
		{8EDD733E-F525-4E57-963D-A492BD63B241}.Debug|iPhone.Deploy.0 = Debug|Any CPU
		{8EDD733E-F525-4E57-963D-A492BD63B241}.Debug|iPhoneSimulator.ActiveCfg = Debug|Any CPU
		{8EDD733E-F525-4E57-963D-A492BD63B241}.Debug|iPhoneSimulator.Build.0 = Debug|Any CPU
		{8EDD733E-F525-4E57-963D-A492BD63B241}.Debug|iPhoneSimulator.Deploy.0 = Debug|Any CPU
		{8EDD733E-F525-4E57-963D-A492BD63B241}.Debug|x64.ActiveCfg = Debug|Any CPU
		{8EDD733E-F525-4E57-963D-A492BD63B241}.Debug|x64.Build.0 = Debug|Any CPU
		{8EDD733E-F525-4E57-963D-A492BD63B241}.Debug|x64.Deploy.0 = Debug|Any CPU
		{8EDD733E-F525-4E57-963D-A492BD63B241}.Debug|x86.ActiveCfg = Debug|Any CPU
		{8EDD733E-F525-4E57-963D-A492BD63B241}.Debug|x86.Build.0 = Debug|Any CPU
		{8EDD733E-F525-4E57-963D-A492BD63B241}.Debug|x86.Deploy.0 = Debug|Any CPU
		{8EDD733E-F525-4E57-963D-A492BD63B241}.Release|Any CPU.ActiveCfg = Release|Any CPU
		{8EDD733E-F525-4E57-963D-A492BD63B241}.Release|Any CPU.Build.0 = Release|Any CPU
		{8EDD733E-F525-4E57-963D-A492BD63B241}.Release|Any CPU.Deploy.0 = Release|Any CPU
		{8EDD733E-F525-4E57-963D-A492BD63B241}.Release|ARM.ActiveCfg = Release|Any CPU
		{8EDD733E-F525-4E57-963D-A492BD63B241}.Release|ARM.Build.0 = Release|Any CPU
		{8EDD733E-F525-4E57-963D-A492BD63B241}.Release|ARM.Deploy.0 = Release|Any CPU
		{8EDD733E-F525-4E57-963D-A492BD63B241}.Release|iPhone.ActiveCfg = Release|Any CPU
		{8EDD733E-F525-4E57-963D-A492BD63B241}.Release|iPhone.Build.0 = Release|Any CPU
		{8EDD733E-F525-4E57-963D-A492BD63B241}.Release|iPhone.Deploy.0 = Release|Any CPU
		{8EDD733E-F525-4E57-963D-A492BD63B241}.Release|iPhoneSimulator.ActiveCfg = Release|Any CPU
		{8EDD733E-F525-4E57-963D-A492BD63B241}.Release|iPhoneSimulator.Build.0 = Release|Any CPU
		{8EDD733E-F525-4E57-963D-A492BD63B241}.Release|iPhoneSimulator.Deploy.0 = Release|Any CPU
		{8EDD733E-F525-4E57-963D-A492BD63B241}.Release|x64.ActiveCfg = Release|Any CPU
		{8EDD733E-F525-4E57-963D-A492BD63B241}.Release|x64.Build.0 = Release|Any CPU
		{8EDD733E-F525-4E57-963D-A492BD63B241}.Release|x64.Deploy.0 = Release|Any CPU
		{8EDD733E-F525-4E57-963D-A492BD63B241}.Release|x86.ActiveCfg = Release|Any CPU
		{8EDD733E-F525-4E57-963D-A492BD63B241}.Release|x86.Build.0 = Release|Any CPU
		{8EDD733E-F525-4E57-963D-A492BD63B241}.Release|x86.Deploy.0 = Release|Any CPU
		{4F4FE9F7-ECB0-4D70-A72C-F32AF61E71DA}.Debug|Any CPU.ActiveCfg = Debug|iPhoneSimulator
		{4F4FE9F7-ECB0-4D70-A72C-F32AF61E71DA}.Debug|Any CPU.Build.0 = Debug|iPhoneSimulator
		{4F4FE9F7-ECB0-4D70-A72C-F32AF61E71DA}.Debug|Any CPU.Deploy.0 = Debug|iPhoneSimulator
		{4F4FE9F7-ECB0-4D70-A72C-F32AF61E71DA}.Debug|ARM.ActiveCfg = Debug|iPhone
		{4F4FE9F7-ECB0-4D70-A72C-F32AF61E71DA}.Debug|ARM.Build.0 = Debug|iPhone
		{4F4FE9F7-ECB0-4D70-A72C-F32AF61E71DA}.Debug|ARM.Deploy.0 = Debug|iPhone
		{4F4FE9F7-ECB0-4D70-A72C-F32AF61E71DA}.Debug|iPhone.ActiveCfg = Debug|iPhone
		{4F4FE9F7-ECB0-4D70-A72C-F32AF61E71DA}.Debug|iPhone.Build.0 = Debug|iPhone
		{4F4FE9F7-ECB0-4D70-A72C-F32AF61E71DA}.Debug|iPhone.Deploy.0 = Debug|iPhone
		{4F4FE9F7-ECB0-4D70-A72C-F32AF61E71DA}.Debug|iPhoneSimulator.ActiveCfg = Debug|iPhoneSimulator
		{4F4FE9F7-ECB0-4D70-A72C-F32AF61E71DA}.Debug|iPhoneSimulator.Build.0 = Debug|iPhoneSimulator
		{4F4FE9F7-ECB0-4D70-A72C-F32AF61E71DA}.Debug|iPhoneSimulator.Deploy.0 = Debug|iPhoneSimulator
		{4F4FE9F7-ECB0-4D70-A72C-F32AF61E71DA}.Debug|x64.ActiveCfg = Debug|iPhoneSimulator
		{4F4FE9F7-ECB0-4D70-A72C-F32AF61E71DA}.Debug|x64.Build.0 = Debug|iPhoneSimulator
		{4F4FE9F7-ECB0-4D70-A72C-F32AF61E71DA}.Debug|x64.Deploy.0 = Debug|iPhoneSimulator
		{4F4FE9F7-ECB0-4D70-A72C-F32AF61E71DA}.Debug|x86.ActiveCfg = Debug|iPhoneSimulator
		{4F4FE9F7-ECB0-4D70-A72C-F32AF61E71DA}.Debug|x86.Build.0 = Debug|iPhoneSimulator
		{4F4FE9F7-ECB0-4D70-A72C-F32AF61E71DA}.Debug|x86.Deploy.0 = Debug|iPhoneSimulator
		{4F4FE9F7-ECB0-4D70-A72C-F32AF61E71DA}.Release|Any CPU.ActiveCfg = Release|iPhoneSimulator
		{4F4FE9F7-ECB0-4D70-A72C-F32AF61E71DA}.Release|Any CPU.Build.0 = Release|iPhoneSimulator
		{4F4FE9F7-ECB0-4D70-A72C-F32AF61E71DA}.Release|Any CPU.Deploy.0 = Release|iPhoneSimulator
		{4F4FE9F7-ECB0-4D70-A72C-F32AF61E71DA}.Release|ARM.ActiveCfg = Release|iPhoneSimulator
		{4F4FE9F7-ECB0-4D70-A72C-F32AF61E71DA}.Release|ARM.Build.0 = Release|iPhoneSimulator
		{4F4FE9F7-ECB0-4D70-A72C-F32AF61E71DA}.Release|ARM.Deploy.0 = Release|iPhoneSimulator
		{4F4FE9F7-ECB0-4D70-A72C-F32AF61E71DA}.Release|iPhone.ActiveCfg = Release|iPhone
		{4F4FE9F7-ECB0-4D70-A72C-F32AF61E71DA}.Release|iPhone.Build.0 = Release|iPhone
		{4F4FE9F7-ECB0-4D70-A72C-F32AF61E71DA}.Release|iPhone.Deploy.0 = Release|iPhone
		{4F4FE9F7-ECB0-4D70-A72C-F32AF61E71DA}.Release|iPhoneSimulator.ActiveCfg = Release|iPhoneSimulator
		{4F4FE9F7-ECB0-4D70-A72C-F32AF61E71DA}.Release|iPhoneSimulator.Build.0 = Release|iPhoneSimulator
		{4F4FE9F7-ECB0-4D70-A72C-F32AF61E71DA}.Release|iPhoneSimulator.Deploy.0 = Release|iPhoneSimulator
		{4F4FE9F7-ECB0-4D70-A72C-F32AF61E71DA}.Release|x64.ActiveCfg = Release|iPhoneSimulator
		{4F4FE9F7-ECB0-4D70-A72C-F32AF61E71DA}.Release|x64.Build.0 = Release|iPhoneSimulator
		{4F4FE9F7-ECB0-4D70-A72C-F32AF61E71DA}.Release|x64.Deploy.0 = Release|iPhoneSimulator
		{4F4FE9F7-ECB0-4D70-A72C-F32AF61E71DA}.Release|x86.ActiveCfg = Release|iPhoneSimulator
		{4F4FE9F7-ECB0-4D70-A72C-F32AF61E71DA}.Release|x86.Build.0 = Release|iPhoneSimulator
		{4F4FE9F7-ECB0-4D70-A72C-F32AF61E71DA}.Release|x86.Deploy.0 = Release|iPhoneSimulator
		{84EBE595-E728-4ECC-BE19-0A0592A951F8}.Debug|Any CPU.ActiveCfg = Debug|Any CPU
		{84EBE595-E728-4ECC-BE19-0A0592A951F8}.Debug|Any CPU.Build.0 = Debug|Any CPU
		{84EBE595-E728-4ECC-BE19-0A0592A951F8}.Debug|Any CPU.Deploy.0 = Debug|Any CPU
		{84EBE595-E728-4ECC-BE19-0A0592A951F8}.Debug|ARM.ActiveCfg = Debug|Any CPU
		{84EBE595-E728-4ECC-BE19-0A0592A951F8}.Debug|ARM.Build.0 = Debug|Any CPU
		{84EBE595-E728-4ECC-BE19-0A0592A951F8}.Debug|ARM.Deploy.0 = Debug|Any CPU
		{84EBE595-E728-4ECC-BE19-0A0592A951F8}.Debug|iPhone.ActiveCfg = Debug|Any CPU
		{84EBE595-E728-4ECC-BE19-0A0592A951F8}.Debug|iPhone.Build.0 = Debug|Any CPU
		{84EBE595-E728-4ECC-BE19-0A0592A951F8}.Debug|iPhone.Deploy.0 = Debug|Any CPU
		{84EBE595-E728-4ECC-BE19-0A0592A951F8}.Debug|iPhoneSimulator.ActiveCfg = Debug|Any CPU
		{84EBE595-E728-4ECC-BE19-0A0592A951F8}.Debug|iPhoneSimulator.Build.0 = Debug|Any CPU
		{84EBE595-E728-4ECC-BE19-0A0592A951F8}.Debug|iPhoneSimulator.Deploy.0 = Debug|Any CPU
		{84EBE595-E728-4ECC-BE19-0A0592A951F8}.Debug|x64.ActiveCfg = Debug|Any CPU
		{84EBE595-E728-4ECC-BE19-0A0592A951F8}.Debug|x64.Build.0 = Debug|Any CPU
		{84EBE595-E728-4ECC-BE19-0A0592A951F8}.Debug|x64.Deploy.0 = Debug|Any CPU
		{84EBE595-E728-4ECC-BE19-0A0592A951F8}.Debug|x86.ActiveCfg = Debug|Any CPU
		{84EBE595-E728-4ECC-BE19-0A0592A951F8}.Debug|x86.Build.0 = Debug|Any CPU
		{84EBE595-E728-4ECC-BE19-0A0592A951F8}.Debug|x86.Deploy.0 = Debug|Any CPU
		{84EBE595-E728-4ECC-BE19-0A0592A951F8}.Release|Any CPU.ActiveCfg = Release|Any CPU
		{84EBE595-E728-4ECC-BE19-0A0592A951F8}.Release|Any CPU.Build.0 = Release|Any CPU
		{84EBE595-E728-4ECC-BE19-0A0592A951F8}.Release|Any CPU.Deploy.0 = Release|Any CPU
		{84EBE595-E728-4ECC-BE19-0A0592A951F8}.Release|ARM.ActiveCfg = Release|Any CPU
		{84EBE595-E728-4ECC-BE19-0A0592A951F8}.Release|ARM.Build.0 = Release|Any CPU
		{84EBE595-E728-4ECC-BE19-0A0592A951F8}.Release|ARM.Deploy.0 = Release|Any CPU
		{84EBE595-E728-4ECC-BE19-0A0592A951F8}.Release|iPhone.ActiveCfg = Release|Any CPU
		{84EBE595-E728-4ECC-BE19-0A0592A951F8}.Release|iPhone.Build.0 = Release|Any CPU
		{84EBE595-E728-4ECC-BE19-0A0592A951F8}.Release|iPhone.Deploy.0 = Release|Any CPU
		{84EBE595-E728-4ECC-BE19-0A0592A951F8}.Release|iPhoneSimulator.ActiveCfg = Release|Any CPU
		{84EBE595-E728-4ECC-BE19-0A0592A951F8}.Release|iPhoneSimulator.Build.0 = Release|Any CPU
		{84EBE595-E728-4ECC-BE19-0A0592A951F8}.Release|iPhoneSimulator.Deploy.0 = Release|Any CPU
		{84EBE595-E728-4ECC-BE19-0A0592A951F8}.Release|x64.ActiveCfg = Release|Any CPU
		{84EBE595-E728-4ECC-BE19-0A0592A951F8}.Release|x64.Build.0 = Release|Any CPU
		{84EBE595-E728-4ECC-BE19-0A0592A951F8}.Release|x64.Deploy.0 = Release|Any CPU
		{84EBE595-E728-4ECC-BE19-0A0592A951F8}.Release|x86.ActiveCfg = Release|Any CPU
		{84EBE595-E728-4ECC-BE19-0A0592A951F8}.Release|x86.Build.0 = Release|Any CPU
		{84EBE595-E728-4ECC-BE19-0A0592A951F8}.Release|x86.Deploy.0 = Release|Any CPU
	EndGlobalSection
	GlobalSection(SolutionProperties) = preSolution
		HideSolutionNode = FALSE
	EndGlobalSection
	GlobalSection(ExtensibilityGlobals) = postSolution
		SolutionGuid = {F4EBA368-2945-4832-8C06-5AC2FE8F0EAC}
	EndGlobalSection
EndGlobal
