
Microsoft Visual Studio Solution File, Format Version 12.00
# Visual Studio Version 16
VisualStudioVersion = 16.0.810.13
MinimumVisualStudioVersion = 10.0.40219.1
Project("{FAE04EC0-301F-11D3-BF4B-00C04F79EFBC}") = "G_One_Xamarin.Android", "G_One_Xamarin.Android\G_One_Xamarin.Android.csproj", "{2FB5C289-7D80-4B83-ABD5-609F241B77BF}"
EndProject
Project("{FAE04EC0-301F-11D3-BF4B-00C04F79EFBC}") = "G_One_Xamarin.iOS", "G_One_Xamarin.iOS\G_One_Xamarin.iOS.csproj", "{86E37338-10E1-49A4-9625-82AD399954BB}"
EndProject
Project("{FAE04EC0-301F-11D3-BF4B-00C04F79EFBC}") = "G_One_Xamarin", "G_One_Xamarin\G_One_Xamarin.csproj", "{9D04B956-68FF-47C3-9F9D-D59F455B8A12}"
EndProject
Global
	GlobalSection(SolutionConfigurationPlatforms) = preSolution
		Debug|Any CPU = Debug|Any CPU
		Release|Any CPU = Release|Any CPU
		Debug|iPhoneSimulator = Debug|iPhoneSimulator
		Release|iPhoneSimulator = Release|iPhoneSimulator
		Debug|iPhone = Debug|iPhone
		Release|iPhone = Release|iPhone
	EndGlobalSection
	GlobalSection(ProjectConfigurationPlatforms) = postSolution
		{2FB5C289-7D80-4B83-ABD5-609F241B77BF}.Debug|Any CPU.ActiveCfg = Debug|Any CPU
		{2FB5C289-7D80-4B83-ABD5-609F241B77BF}.Debug|Any CPU.Build.0 = Debug|Any CPU
		{2FB5C289-7D80-4B83-ABD5-609F241B77BF}.Release|Any CPU.ActiveCfg = Release|Any CPU
		{2FB5C289-7D80-4B83-ABD5-609F241B77BF}.Release|Any CPU.Build.0 = Release|Any CPU
		{2FB5C289-7D80-4B83-ABD5-609F241B77BF}.Debug|iPhoneSimulator.ActiveCfg = Debug|Any CPU
		{2FB5C289-7D80-4B83-ABD5-609F241B77BF}.Debug|iPhoneSimulator.Build.0 = Debug|Any CPU
		{2FB5C289-7D80-4B83-ABD5-609F241B77BF}.Release|iPhoneSimulator.ActiveCfg = Release|Any CPU
		{2FB5C289-7D80-4B83-ABD5-609F241B77BF}.Release|iPhoneSimulator.Build.0 = Release|Any CPU
		{2FB5C289-7D80-4B83-ABD5-609F241B77BF}.Debug|iPhone.ActiveCfg = Debug|Any CPU
		{2FB5C289-7D80-4B83-ABD5-609F241B77BF}.Debug|iPhone.Build.0 = Debug|Any CPU
		{2FB5C289-7D80-4B83-ABD5-609F241B77BF}.Release|iPhone.ActiveCfg = Release|Any CPU
		{2FB5C289-7D80-4B83-ABD5-609F241B77BF}.Release|iPhone.Build.0 = Release|Any CPU
		{86E37338-10E1-49A4-9625-82AD399954BB}.Debug|Any CPU.ActiveCfg = Debug|iPhoneSimulator
		{86E37338-10E1-49A4-9625-82AD399954BB}.Debug|Any CPU.Build.0 = Debug|iPhoneSimulator
		{86E37338-10E1-49A4-9625-82AD399954BB}.Release|Any CPU.ActiveCfg = Release|iPhoneSimulator
		{86E37338-10E1-49A4-9625-82AD399954BB}.Release|Any CPU.Build.0 = Release|iPhoneSimulator
		{86E37338-10E1-49A4-9625-82AD399954BB}.Debug|iPhoneSimulator.ActiveCfg = Debug|iPhoneSimulator
		{86E37338-10E1-49A4-9625-82AD399954BB}.Debug|iPhoneSimulator.Build.0 = Debug|iPhoneSimulator
		{86E37338-10E1-49A4-9625-82AD399954BB}.Release|iPhoneSimulator.ActiveCfg = Release|iPhoneSimulator
		{86E37338-10E1-49A4-9625-82AD399954BB}.Release|iPhoneSimulator.Build.0 = Release|iPhoneSimulator
		{86E37338-10E1-49A4-9625-82AD399954BB}.Debug|iPhone.ActiveCfg = Debug|iPhone
		{86E37338-10E1-49A4-9625-82AD399954BB}.Debug|iPhone.Build.0 = Debug|iPhone
		{86E37338-10E1-49A4-9625-82AD399954BB}.Release|iPhone.ActiveCfg = Release|iPhone
		{86E37338-10E1-49A4-9625-82AD399954BB}.Release|iPhone.Build.0 = Release|iPhone
		{9D04B956-68FF-47C3-9F9D-D59F455B8A12}.Debug|Any CPU.ActiveCfg = Debug|Any CPU
		{9D04B956-68FF-47C3-9F9D-D59F455B8A12}.Debug|Any CPU.Build.0 = Debug|Any CPU
		{9D04B956-68FF-47C3-9F9D-D59F455B8A12}.Release|Any CPU.ActiveCfg = Release|Any CPU
		{9D04B956-68FF-47C3-9F9D-D59F455B8A12}.Release|Any CPU.Build.0 = Release|Any CPU
		{9D04B956-68FF-47C3-9F9D-D59F455B8A12}.Debug|iPhoneSimulator.ActiveCfg = Debug|Any CPU
		{9D04B956-68FF-47C3-9F9D-D59F455B8A12}.Debug|iPhoneSimulator.Build.0 = Debug|Any CPU
		{9D04B956-68FF-47C3-9F9D-D59F455B8A12}.Release|iPhoneSimulator.ActiveCfg = Release|Any CPU
		{9D04B956-68FF-47C3-9F9D-D59F455B8A12}.Release|iPhoneSimulator.Build.0 = Release|Any CPU
		{9D04B956-68FF-47C3-9F9D-D59F455B8A12}.Debug|iPhone.ActiveCfg = Debug|Any CPU
		{9D04B956-68FF-47C3-9F9D-D59F455B8A12}.Debug|iPhone.Build.0 = Debug|Any CPU
		{9D04B956-68FF-47C3-9F9D-D59F455B8A12}.Release|iPhone.ActiveCfg = Release|Any CPU
		{9D04B956-68FF-47C3-9F9D-D59F455B8A12}.Release|iPhone.Build.0 = Release|Any CPU
	EndGlobalSection
	GlobalSection(SolutionProperties) = preSolution
		HideSolutionNode = FALSE
	EndGlobalSection
	GlobalSection(ExtensibilityGlobals) = postSolution
		SolutionGuid = {DACAF0E6-9D17-4D15-A780-698ECB617BA2}
	EndGlobalSection
EndGlobal
