
Microsoft Visual Studio Solution File, Format Version 12.00
# Visual Studio Version 17
VisualStudioVersion = 17.0.31825.309
MinimumVisualStudioVersion = 10.0.40219.1
Project("{FAE04EC0-301F-11D3-BF4B-00C04F79EFBC}") = "G_One_Xamarin.Android", "G_One_Xamarin\G_One_Xamarin.Android\G_One_Xamarin.Android.csproj", "{377B1BC0-E3B5-4A20-A2FE-683521243B93}"
EndProject
Project("{FAE04EC0-301F-11D3-BF4B-00C04F79EFBC}") = "G_One_Xamarin.iOS", "G_One_Xamarin\G_One_Xamarin.iOS\G_One_Xamarin.iOS.csproj", "{4109A799-F080-4AE5-8D22-66E3F05FCFED}"
EndProject
Project("{9A19103F-16F7-4668-BE54-9A1E7A4F7556}") = "G_One_Xamarin", "G_One_Xamarin\G_One_Xamarin\G_One_Xamarin.csproj", "{C7C19431-C095-453A-B4AA-273457B2A1A1}"
EndProject
Global
	GlobalSection(SolutionConfigurationPlatforms) = preSolution
		Debug|Any CPU = Debug|Any CPU
		Debug|ARM = Debug|ARM
		Debug|iPhone = Debug|iPhone
		Debug|iPhoneSimulator = Debug|iPhoneSimulator
		Debug|x64 = Debug|x64
		Debug|x86 = Debug|x86
		Release|Any CPU = Release|Any CPU
		Release|ARM = Release|ARM
		Release|iPhone = Release|iPhone
		Release|iPhoneSimulator = Release|iPhoneSimulator
		Release|x64 = Release|x64
		Release|x86 = Release|x86
	EndGlobalSection
	GlobalSection(ProjectConfigurationPlatforms) = postSolution
		{377B1BC0-E3B5-4A20-A2FE-683521243B93}.Debug|Any CPU.ActiveCfg = Debug|Any CPU
		{377B1BC0-E3B5-4A20-A2FE-683521243B93}.Debug|Any CPU.Build.0 = Debug|Any CPU
		{377B1BC0-E3B5-4A20-A2FE-683521243B93}.Debug|Any CPU.Deploy.0 = Debug|Any CPU
		{377B1BC0-E3B5-4A20-A2FE-683521243B93}.Debug|ARM.ActiveCfg = Debug|Any CPU
		{377B1BC0-E3B5-4A20-A2FE-683521243B93}.Debug|ARM.Build.0 = Debug|Any CPU
		{377B1BC0-E3B5-4A20-A2FE-683521243B93}.Debug|ARM.Deploy.0 = Debug|Any CPU
		{377B1BC0-E3B5-4A20-A2FE-683521243B93}.Debug|iPhone.ActiveCfg = Debug|Any CPU
		{377B1BC0-E3B5-4A20-A2FE-683521243B93}.Debug|iPhone.Build.0 = Debug|Any CPU
		{377B1BC0-E3B5-4A20-A2FE-683521243B93}.Debug|iPhone.Deploy.0 = Debug|Any CPU
		{377B1BC0-E3B5-4A20-A2FE-683521243B93}.Debug|iPhoneSimulator.ActiveCfg = Debug|Any CPU
		{377B1BC0-E3B5-4A20-A2FE-683521243B93}.Debug|iPhoneSimulator.Build.0 = Debug|Any CPU
		{377B1BC0-E3B5-4A20-A2FE-683521243B93}.Debug|iPhoneSimulator.Deploy.0 = Debug|Any CPU
		{377B1BC0-E3B5-4A20-A2FE-683521243B93}.Debug|x64.ActiveCfg = Debug|Any CPU
		{377B1BC0-E3B5-4A20-A2FE-683521243B93}.Debug|x64.Build.0 = Debug|Any CPU
		{377B1BC0-E3B5-4A20-A2FE-683521243B93}.Debug|x64.Deploy.0 = Debug|Any CPU
		{377B1BC0-E3B5-4A20-A2FE-683521243B93}.Debug|x86.ActiveCfg = Debug|Any CPU
		{377B1BC0-E3B5-4A20-A2FE-683521243B93}.Debug|x86.Build.0 = Debug|Any CPU
		{377B1BC0-E3B5-4A20-A2FE-683521243B93}.Debug|x86.Deploy.0 = Debug|Any CPU
		{377B1BC0-E3B5-4A20-A2FE-683521243B93}.Release|Any CPU.ActiveCfg = Release|Any CPU
		{377B1BC0-E3B5-4A20-A2FE-683521243B93}.Release|Any CPU.Build.0 = Release|Any CPU
		{377B1BC0-E3B5-4A20-A2FE-683521243B93}.Release|Any CPU.Deploy.0 = Release|Any CPU
		{377B1BC0-E3B5-4A20-A2FE-683521243B93}.Release|ARM.ActiveCfg = Release|Any CPU
		{377B1BC0-E3B5-4A20-A2FE-683521243B93}.Release|ARM.Build.0 = Release|Any CPU
		{377B1BC0-E3B5-4A20-A2FE-683521243B93}.Release|ARM.Deploy.0 = Release|Any CPU
		{377B1BC0-E3B5-4A20-A2FE-683521243B93}.Release|iPhone.ActiveCfg = Release|Any CPU
		{377B1BC0-E3B5-4A20-A2FE-683521243B93}.Release|iPhone.Build.0 = Release|Any CPU
		{377B1BC0-E3B5-4A20-A2FE-683521243B93}.Release|iPhone.Deploy.0 = Release|Any CPU
		{377B1BC0-E3B5-4A20-A2FE-683521243B93}.Release|iPhoneSimulator.ActiveCfg = Release|Any CPU
		{377B1BC0-E3B5-4A20-A2FE-683521243B93}.Release|iPhoneSimulator.Build.0 = Release|Any CPU
		{377B1BC0-E3B5-4A20-A2FE-683521243B93}.Release|iPhoneSimulator.Deploy.0 = Release|Any CPU
		{377B1BC0-E3B5-4A20-A2FE-683521243B93}.Release|x64.ActiveCfg = Release|Any CPU
		{377B1BC0-E3B5-4A20-A2FE-683521243B93}.Release|x64.Build.0 = Release|Any CPU
		{377B1BC0-E3B5-4A20-A2FE-683521243B93}.Release|x64.Deploy.0 = Release|Any CPU
		{377B1BC0-E3B5-4A20-A2FE-683521243B93}.Release|x86.ActiveCfg = Release|Any CPU
		{377B1BC0-E3B5-4A20-A2FE-683521243B93}.Release|x86.Build.0 = Release|Any CPU
		{377B1BC0-E3B5-4A20-A2FE-683521243B93}.Release|x86.Deploy.0 = Release|Any CPU
		{4109A799-F080-4AE5-8D22-66E3F05FCFED}.Debug|Any CPU.ActiveCfg = Debug|iPhoneSimulator
		{4109A799-F080-4AE5-8D22-66E3F05FCFED}.Debug|Any CPU.Build.0 = Debug|iPhoneSimulator
		{4109A799-F080-4AE5-8D22-66E3F05FCFED}.Debug|Any CPU.Deploy.0 = Debug|iPhoneSimulator
		{4109A799-F080-4AE5-8D22-66E3F05FCFED}.Debug|ARM.ActiveCfg = Debug|iPhoneSimulator
		{4109A799-F080-4AE5-8D22-66E3F05FCFED}.Debug|ARM.Build.0 = Debug|iPhoneSimulator
		{4109A799-F080-4AE5-8D22-66E3F05FCFED}.Debug|ARM.Deploy.0 = Debug|iPhoneSimulator
		{4109A799-F080-4AE5-8D22-66E3F05FCFED}.Debug|iPhone.ActiveCfg = Debug|iPhone
		{4109A799-F080-4AE5-8D22-66E3F05FCFED}.Debug|iPhone.Build.0 = Debug|iPhone
		{4109A799-F080-4AE5-8D22-66E3F05FCFED}.Debug|iPhone.Deploy.0 = Debug|iPhone
		{4109A799-F080-4AE5-8D22-66E3F05FCFED}.Debug|iPhoneSimulator.ActiveCfg = Debug|iPhoneSimulator
		{4109A799-F080-4AE5-8D22-66E3F05FCFED}.Debug|iPhoneSimulator.Build.0 = Debug|iPhoneSimulator
		{4109A799-F080-4AE5-8D22-66E3F05FCFED}.Debug|iPhoneSimulator.Deploy.0 = Debug|iPhoneSimulator
		{4109A799-F080-4AE5-8D22-66E3F05FCFED}.Debug|x64.ActiveCfg = Debug|iPhone
		{4109A799-F080-4AE5-8D22-66E3F05FCFED}.Debug|x64.Build.0 = Debug|iPhone
		{4109A799-F080-4AE5-8D22-66E3F05FCFED}.Debug|x64.Deploy.0 = Debug|iPhone
		{4109A799-F080-4AE5-8D22-66E3F05FCFED}.Debug|x86.ActiveCfg = Debug|iPhoneSimulator
		{4109A799-F080-4AE5-8D22-66E3F05FCFED}.Debug|x86.Build.0 = Debug|iPhoneSimulator
		{4109A799-F080-4AE5-8D22-66E3F05FCFED}.Debug|x86.Deploy.0 = Debug|iPhoneSimulator
		{4109A799-F080-4AE5-8D22-66E3F05FCFED}.Release|Any CPU.ActiveCfg = Release|iPhoneSimulator
		{4109A799-F080-4AE5-8D22-66E3F05FCFED}.Release|Any CPU.Build.0 = Release|iPhoneSimulator
		{4109A799-F080-4AE5-8D22-66E3F05FCFED}.Release|Any CPU.Deploy.0 = Release|iPhoneSimulator
		{4109A799-F080-4AE5-8D22-66E3F05FCFED}.Release|ARM.ActiveCfg = Release|iPhoneSimulator
		{4109A799-F080-4AE5-8D22-66E3F05FCFED}.Release|ARM.Build.0 = Release|iPhoneSimulator
		{4109A799-F080-4AE5-8D22-66E3F05FCFED}.Release|ARM.Deploy.0 = Release|iPhoneSimulator
		{4109A799-F080-4AE5-8D22-66E3F05FCFED}.Release|iPhone.ActiveCfg = Release|iPhone
		{4109A799-F080-4AE5-8D22-66E3F05FCFED}.Release|iPhone.Build.0 = Release|iPhone
		{4109A799-F080-4AE5-8D22-66E3F05FCFED}.Release|iPhone.Deploy.0 = Release|iPhone
		{4109A799-F080-4AE5-8D22-66E3F05FCFED}.Release|iPhoneSimulator.ActiveCfg = Release|iPhoneSimulator
		{4109A799-F080-4AE5-8D22-66E3F05FCFED}.Release|iPhoneSimulator.Build.0 = Release|iPhoneSimulator
		{4109A799-F080-4AE5-8D22-66E3F05FCFED}.Release|iPhoneSimulator.Deploy.0 = Release|iPhoneSimulator
		{4109A799-F080-4AE5-8D22-66E3F05FCFED}.Release|x64.ActiveCfg = Release|iPhoneSimulator
		{4109A799-F080-4AE5-8D22-66E3F05FCFED}.Release|x64.Build.0 = Release|iPhoneSimulator
		{4109A799-F080-4AE5-8D22-66E3F05FCFED}.Release|x64.Deploy.0 = Release|iPhoneSimulator
		{4109A799-F080-4AE5-8D22-66E3F05FCFED}.Release|x86.ActiveCfg = Release|iPhoneSimulator
		{4109A799-F080-4AE5-8D22-66E3F05FCFED}.Release|x86.Build.0 = Release|iPhoneSimulator
		{4109A799-F080-4AE5-8D22-66E3F05FCFED}.Release|x86.Deploy.0 = Release|iPhoneSimulator
		{C7C19431-C095-453A-B4AA-273457B2A1A1}.Debug|Any CPU.ActiveCfg = Debug|Any CPU
		{C7C19431-C095-453A-B4AA-273457B2A1A1}.Debug|Any CPU.Build.0 = Debug|Any CPU
		{C7C19431-C095-453A-B4AA-273457B2A1A1}.Debug|Any CPU.Deploy.0 = Debug|Any CPU
		{C7C19431-C095-453A-B4AA-273457B2A1A1}.Debug|ARM.ActiveCfg = Debug|Any CPU
		{C7C19431-C095-453A-B4AA-273457B2A1A1}.Debug|ARM.Build.0 = Debug|Any CPU
		{C7C19431-C095-453A-B4AA-273457B2A1A1}.Debug|ARM.Deploy.0 = Debug|Any CPU
		{C7C19431-C095-453A-B4AA-273457B2A1A1}.Debug|iPhone.ActiveCfg = Debug|Any CPU
		{C7C19431-C095-453A-B4AA-273457B2A1A1}.Debug|iPhone.Build.0 = Debug|Any CPU
		{C7C19431-C095-453A-B4AA-273457B2A1A1}.Debug|iPhone.Deploy.0 = Debug|Any CPU
		{C7C19431-C095-453A-B4AA-273457B2A1A1}.Debug|iPhoneSimulator.ActiveCfg = Debug|Any CPU
		{C7C19431-C095-453A-B4AA-273457B2A1A1}.Debug|iPhoneSimulator.Build.0 = Debug|Any CPU
		{C7C19431-C095-453A-B4AA-273457B2A1A1}.Debug|iPhoneSimulator.Deploy.0 = Debug|Any CPU
		{C7C19431-C095-453A-B4AA-273457B2A1A1}.Debug|x64.ActiveCfg = Debug|Any CPU
		{C7C19431-C095-453A-B4AA-273457B2A1A1}.Debug|x64.Build.0 = Debug|Any CPU
		{C7C19431-C095-453A-B4AA-273457B2A1A1}.Debug|x64.Deploy.0 = Debug|Any CPU
		{C7C19431-C095-453A-B4AA-273457B2A1A1}.Debug|x86.ActiveCfg = Debug|Any CPU
		{C7C19431-C095-453A-B4AA-273457B2A1A1}.Debug|x86.Build.0 = Debug|Any CPU
		{C7C19431-C095-453A-B4AA-273457B2A1A1}.Debug|x86.Deploy.0 = Debug|Any CPU
		{C7C19431-C095-453A-B4AA-273457B2A1A1}.Release|Any CPU.ActiveCfg = Release|Any CPU
		{C7C19431-C095-453A-B4AA-273457B2A1A1}.Release|Any CPU.Build.0 = Release|Any CPU
		{C7C19431-C095-453A-B4AA-273457B2A1A1}.Release|Any CPU.Deploy.0 = Release|Any CPU
		{C7C19431-C095-453A-B4AA-273457B2A1A1}.Release|ARM.ActiveCfg = Release|Any CPU
		{C7C19431-C095-453A-B4AA-273457B2A1A1}.Release|ARM.Build.0 = Release|Any CPU
		{C7C19431-C095-453A-B4AA-273457B2A1A1}.Release|ARM.Deploy.0 = Release|Any CPU
		{C7C19431-C095-453A-B4AA-273457B2A1A1}.Release|iPhone.ActiveCfg = Release|Any CPU
		{C7C19431-C095-453A-B4AA-273457B2A1A1}.Release|iPhone.Build.0 = Release|Any CPU
		{C7C19431-C095-453A-B4AA-273457B2A1A1}.Release|iPhone.Deploy.0 = Release|Any CPU
		{C7C19431-C095-453A-B4AA-273457B2A1A1}.Release|iPhoneSimulator.ActiveCfg = Release|Any CPU
		{C7C19431-C095-453A-B4AA-273457B2A1A1}.Release|iPhoneSimulator.Build.0 = Release|Any CPU
		{C7C19431-C095-453A-B4AA-273457B2A1A1}.Release|iPhoneSimulator.Deploy.0 = Release|Any CPU
		{C7C19431-C095-453A-B4AA-273457B2A1A1}.Release|x64.ActiveCfg = Release|Any CPU
		{C7C19431-C095-453A-B4AA-273457B2A1A1}.Release|x64.Build.0 = Release|Any CPU
		{C7C19431-C095-453A-B4AA-273457B2A1A1}.Release|x64.Deploy.0 = Release|Any CPU
		{C7C19431-C095-453A-B4AA-273457B2A1A1}.Release|x86.ActiveCfg = Release|Any CPU
		{C7C19431-C095-453A-B4AA-273457B2A1A1}.Release|x86.Build.0 = Release|Any CPU
		{C7C19431-C095-453A-B4AA-273457B2A1A1}.Release|x86.Deploy.0 = Release|Any CPU
	EndGlobalSection
	GlobalSection(SolutionProperties) = preSolution
		HideSolutionNode = FALSE
	EndGlobalSection
	GlobalSection(ExtensibilityGlobals) = postSolution
		SolutionGuid = {1BA8C62E-CB74-4A85-86F6-B1F63BE89BCA}
	EndGlobalSection
EndGlobal
